
Microsoft Visual Studio Solution File, Format Version 12.00
# Visual Studio Express 2012 for Windows Desktop
Project("{8BC9CEB8-8B4A-11D0-8D11-00A0C91BC942}") = "HELLOW_RUS2", "HELLOW_RUS2\HELLOW_RUS2.vcxproj", "{FDCD3A11-71C9-4AD4-BDF7-A6D28D895626}"
EndProject
Global
	GlobalSection(SolutionConfigurationPlatforms) = preSolution
		Debug|Win32 = Debug|Win32
		Release|Win32 = Release|Win32
	EndGlobalSection
	GlobalSection(ProjectConfigurationPlatforms) = postSolution
		{FDCD3A11-71C9-4AD4-BDF7-A6D28D895626}.Debug|Win32.ActiveCfg = Debug|Win32
		{FDCD3A11-71C9-4AD4-BDF7-A6D28D895626}.Debug|Win32.Build.0 = Debug|Win32
		{FDCD3A11-71C9-4AD4-BDF7-A6D28D895626}.Release|Win32.ActiveCfg = Release|Win32
		{FDCD3A11-71C9-4AD4-BDF7-A6D28D895626}.Release|Win32.Build.0 = Release|Win32
	EndGlobalSection
	GlobalSection(SolutionProperties) = preSolution
		HideSolutionNode = FALSE
	EndGlobalSection
EndGlobal
